
Microsoft Visual Studio Solution File, Format Version 12.00
# Visual Studio 15
VisualStudioVersion = 15.0.28307.902
MinimumVisualStudioVersion = 10.0.40219.1
Project("{9A19103F-16F7-4668-BE54-9A1E7A4F7556}") = "APITest", "APITest\APITest.csproj", "{975508A2-6C35-4238-A269-29DBDBC749BD}"
EndProject
Project("{9A19103F-16F7-4668-BE54-9A1E7A4F7556}") = "Data", "Data\Data.csproj", "{B4AF0157-971C-4CE3-A7CE-64DB9167D778}"
EndProject
Project("{9A19103F-16F7-4668-BE54-9A1E7A4F7556}") = "Services", "Services\Services.csproj", "{B66F1AD2-DFF9-45D2-83AE-4D0CB76FC314}"
EndProject
Project("{FAE04EC0-301F-11D3-BF4B-00C04F79EFBC}") = "UnitTestApi", "UnitTestApi\UnitTestApi.csproj", "{BF518DC9-685C-4446-84DE-D5AE7A2404DC}"
EndProject
Global
	GlobalSection(SolutionConfigurationPlatforms) = preSolution
		Debug|Any CPU = Debug|Any CPU
		Release|Any CPU = Release|Any CPU
	EndGlobalSection
	GlobalSection(ProjectConfigurationPlatforms) = postSolution
		{975508A2-6C35-4238-A269-29DBDBC749BD}.Debug|Any CPU.ActiveCfg = Debug|Any CPU
		{975508A2-6C35-4238-A269-29DBDBC749BD}.Debug|Any CPU.Build.0 = Debug|Any CPU
		{975508A2-6C35-4238-A269-29DBDBC749BD}.Release|Any CPU.ActiveCfg = Release|Any CPU
		{975508A2-6C35-4238-A269-29DBDBC749BD}.Release|Any CPU.Build.0 = Release|Any CPU
		{B4AF0157-971C-4CE3-A7CE-64DB9167D778}.Debug|Any CPU.ActiveCfg = Debug|Any CPU
		{B4AF0157-971C-4CE3-A7CE-64DB9167D778}.Debug|Any CPU.Build.0 = Debug|Any CPU
		{B4AF0157-971C-4CE3-A7CE-64DB9167D778}.Release|Any CPU.ActiveCfg = Release|Any CPU
		{B4AF0157-971C-4CE3-A7CE-64DB9167D778}.Release|Any CPU.Build.0 = Release|Any CPU
		{B66F1AD2-DFF9-45D2-83AE-4D0CB76FC314}.Debug|Any CPU.ActiveCfg = Debug|Any CPU
		{B66F1AD2-DFF9-45D2-83AE-4D0CB76FC314}.Debug|Any CPU.Build.0 = Debug|Any CPU
		{B66F1AD2-DFF9-45D2-83AE-4D0CB76FC314}.Release|Any CPU.ActiveCfg = Release|Any CPU
		{B66F1AD2-DFF9-45D2-83AE-4D0CB76FC314}.Release|Any CPU.Build.0 = Release|Any CPU
		{BF518DC9-685C-4446-84DE-D5AE7A2404DC}.Debug|Any CPU.ActiveCfg = Debug|Any CPU
		{BF518DC9-685C-4446-84DE-D5AE7A2404DC}.Debug|Any CPU.Build.0 = Debug|Any CPU
		{BF518DC9-685C-4446-84DE-D5AE7A2404DC}.Release|Any CPU.ActiveCfg = Release|Any CPU
		{BF518DC9-685C-4446-84DE-D5AE7A2404DC}.Release|Any CPU.Build.0 = Release|Any CPU
	EndGlobalSection
	GlobalSection(SolutionProperties) = preSolution
		HideSolutionNode = FALSE
	EndGlobalSection
	GlobalSection(ExtensibilityGlobals) = postSolution
		SolutionGuid = {53179CB8-A410-4F2F-A3BF-F362509265AC}
	EndGlobalSection
EndGlobal
